
Microsoft Visual Studio Solution File, Format Version 12.00
# Visual Studio Version 16
VisualStudioVersion = 16.0.30320.27
MinimumVisualStudioVersion = 10.0.40219.1
Project("{FAE04EC0-301F-11D3-BF4B-00C04F79EFBC}") = "Sessia_3", "Sessia_3\Sessia_3.csproj", "{9C683DE8-6002-44E6-A4C3-A51DC02015C6}"
EndProject
Global
	GlobalSection(SolutionConfigurationPlatforms) = preSolution
		Debug|Any CPU = Debug|Any CPU
		Release|Any CPU = Release|Any CPU
	EndGlobalSection
	GlobalSection(ProjectConfigurationPlatforms) = postSolution
		{9C683DE8-6002-44E6-A4C3-A51DC02015C6}.Debug|Any CPU.ActiveCfg = Debug|Any CPU
		{9C683DE8-6002-44E6-A4C3-A51DC02015C6}.Debug|Any CPU.Build.0 = Debug|Any CPU
		{9C683DE8-6002-44E6-A4C3-A51DC02015C6}.Release|Any CPU.ActiveCfg = Release|Any CPU
		{9C683DE8-6002-44E6-A4C3-A51DC02015C6}.Release|Any CPU.Build.0 = Release|Any CPU
	EndGlobalSection
	GlobalSection(SolutionProperties) = preSolution
		HideSolutionNode = FALSE
	EndGlobalSection
	GlobalSection(ExtensibilityGlobals) = postSolution
		SolutionGuid = {2E82B1DC-AE61-485B-8655-A6B5C3392775}
	EndGlobalSection
EndGlobal
